<Solution>
  <Folder Name="/src/">
    <Project Path="src/EToro/GrznarAi.Trading.ReadOnly.csproj" />
  </Folder>
  <Folder Name="/tests/">
    <Project Path="tests/GrznarAi.Trading.ReadOnly.Aot.SmokeTest/GrznarAi.Trading.ReadOnly.Aot.SmokeTest.csproj" />
    <Project Path="tests/GrznarAi.Trading.ReadOnly.Tests/GrznarAi.Trading.ReadOnly.Tests.csproj" />
  </Folder>
  <Folder Name="/examples/">
    <Project Path="examples/Demo01.PortfolioHealthCheck/Demo01.PortfolioHealthCheck.csproj" />
    <Project Path="examples/Demo02.PortfolioConcentrationAnalyzer/Demo02.PortfolioConcentrationAnalyzer.csproj" />
    <Project Path="examples/Demo03.WhatIfSimulator/Demo03.WhatIfSimulator.csproj" />
  </Folder>
</Solution>
